
Microsoft Visual Studio Solution File, Format Version 12.00
# Visual Studio Version 17
VisualStudioVersion = 17.0.31903.59
MinimumVisualStudioVersion = 10.0.40219.1
Project("{FAE04EC0-301F-11D3-BF4B-00C04F79EFBC}") = "Praktikum W13", "Praktikum W13\Praktikum W13.csproj", "{D2B22371-4558-4C71-8587-FAE81F21D2C8}"
EndProject
Global
	GlobalSection(SolutionConfigurationPlatforms) = preSolution
		Debug|Any CPU = Debug|Any CPU
		Release|Any CPU = Release|Any CPU
	EndGlobalSection
	GlobalSection(ProjectConfigurationPlatforms) = postSolution
		{D2B22371-4558-4C71-8587-FAE81F21D2C8}.Debug|Any CPU.ActiveCfg = Debug|Any CPU
		{D2B22371-4558-4C71-8587-FAE81F21D2C8}.Debug|Any CPU.Build.0 = Debug|Any CPU
		{D2B22371-4558-4C71-8587-FAE81F21D2C8}.Release|Any CPU.ActiveCfg = Release|Any CPU
		{D2B22371-4558-4C71-8587-FAE81F21D2C8}.Release|Any CPU.Build.0 = Release|Any CPU
	EndGlobalSection
	GlobalSection(SolutionProperties) = preSolution
		HideSolutionNode = FALSE
	EndGlobalSection
	GlobalSection(ExtensibilityGlobals) = postSolution
		SolutionGuid = {E43E0752-69B5-4770-A0D8-627D8A55A164}
	EndGlobalSection
EndGlobal
